
Microsoft Visual Studio Solution File, Format Version 12.00
# Visual Studio Version 16
VisualStudioVersion = 16.0.30611.23
MinimumVisualStudioVersion = 10.0.40219.1
Project("{FAE04EC0-301F-11D3-BF4B-00C04F79EFBC}") = "Lab1(Algorithm_Kruskal)", "Lab1(Algorithm_Kruskal)\Lab1(Algorithm_Kruskal).csproj", "{1A69E358-1C20-479F-81A2-EEB2284DE044}"
EndProject
Global
	GlobalSection(SolutionConfigurationPlatforms) = preSolution
		Debug|Any CPU = Debug|Any CPU
		Release|Any CPU = Release|Any CPU
	EndGlobalSection
	GlobalSection(ProjectConfigurationPlatforms) = postSolution
		{1A69E358-1C20-479F-81A2-EEB2284DE044}.Debug|Any CPU.ActiveCfg = Debug|Any CPU
		{1A69E358-1C20-479F-81A2-EEB2284DE044}.Debug|Any CPU.Build.0 = Debug|Any CPU
		{1A69E358-1C20-479F-81A2-EEB2284DE044}.Release|Any CPU.ActiveCfg = Release|Any CPU
		{1A69E358-1C20-479F-81A2-EEB2284DE044}.Release|Any CPU.Build.0 = Release|Any CPU
	EndGlobalSection
	GlobalSection(SolutionProperties) = preSolution
		HideSolutionNode = FALSE
	EndGlobalSection
	GlobalSection(ExtensibilityGlobals) = postSolution
		SolutionGuid = {F9C31C4B-E103-4D5A-9DB9-FFEE9D48D985}
	EndGlobalSection
EndGlobal
